
Microsoft Visual Studio Solution File, Format Version 12.00
# Visual Studio 15
VisualStudioVersion = 15.0.28307.572
MinimumVisualStudioVersion = 10.0.40219.1
Project("{FAE04EC0-301F-11D3-BF4B-00C04F79EFBC}") = "ProjekatNekretnineZavrsno", "ProjekatNekretnineZavrsno\ProjekatNekretnineZavrsno.csproj", "{D669816A-4C99-4875-9F23-1D990C9B67D5}"
EndProject
Global
	GlobalSection(SolutionConfigurationPlatforms) = preSolution
		Debug|Any CPU = Debug|Any CPU
		Release|Any CPU = Release|Any CPU
	EndGlobalSection
	GlobalSection(ProjectConfigurationPlatforms) = postSolution
		{D669816A-4C99-4875-9F23-1D990C9B67D5}.Debug|Any CPU.ActiveCfg = Debug|Any CPU
		{D669816A-4C99-4875-9F23-1D990C9B67D5}.Debug|Any CPU.Build.0 = Debug|Any CPU
		{D669816A-4C99-4875-9F23-1D990C9B67D5}.Release|Any CPU.ActiveCfg = Release|Any CPU
		{D669816A-4C99-4875-9F23-1D990C9B67D5}.Release|Any CPU.Build.0 = Release|Any CPU
	EndGlobalSection
	GlobalSection(SolutionProperties) = preSolution
		HideSolutionNode = FALSE
	EndGlobalSection
	GlobalSection(ExtensibilityGlobals) = postSolution
		SolutionGuid = {36B5E6A6-E143-46DD-8D1A-6E31ED4EE3CE}
	EndGlobalSection
EndGlobal
